{
  "name": "example",
  "version": "1.0.0",
  "lockfileVersion": 1,
  "requires": true,
  "dependencies": {
    "@types/estree": {
      "version": "0.0.39",
      "resolved": "https://registry.npmjs.org/@types/estree/-/estree-0.0.39.tgz",
      "integrity": "sha512-EYNwp3bU+98cpU4lAWYYL7Zz+2gryWH1qbdDTidVd6hkiR6weksdbMadyXKXNPEkQFhXM+hVO9ZygomHXp+AIw==",
      "dev": true
    },
    "@types/node": {
      "version": "12.7.4",
      "resolved": "https://registry.npmjs.org/@types/node/-/node-12.7.4.tgz",
      "integrity": "sha512-W0+n1Y+gK/8G2P/piTkBBN38Qc5Q1ZSO6B5H3QmPCUewaiXOo2GCAWZ4ElZCcNhjJuBSUSLGFUJnmlCn5+nxOQ==",
      "dev": true
    },
    "acorn": {
      "version": "7.0.0",
      "resolved": "https://registry.npmjs.org/acorn/-/acorn-7.0.0.tgz",
      "integrity": "sha512-PaF/MduxijYYt7unVGRuds1vBC9bFxbNf+VWqhOClfdgy7RlVkQqt610ig1/yxTgsDIfW1cWDel5EBbOy3jdtQ==",
      "dev": true
    },
    "estree-walker": {
      "version": "0.6.1",
      "resolved": "https://registry.npmjs.org/estree-walker/-/estree-walker-0.6.1.tgz",
      "integrity": "sha512-SqmZANLWS0mnatqbSfRP5g8OXZC12Fgg1IwNtLsyHDzJizORW4khDfjPqJZsemPWBB2uqykUah5YpQ6epsqC/w==",
      "dev": true
    },
    "is-reference": {
      "version": "1.1.3",
      "resolved": "https://registry.npmjs.org/is-reference/-/is-reference-1.1.3.tgz",
      "integrity": "sha512-W1iHHv/oyBb2pPxkBxtaewxa1BC58Pn5J0hogyCdefwUIvb6R+TGbAcIa4qPNYLqLhb3EnOgUf2MQkkF76BcKw==",
      "dev": true,
      "requires": {
        "@types/estree": "0.0.39"
      }
    },
    "magic-string": {
      "version": "0.25.3",
      "resolved": "https://registry.npmjs.org/magic-string/-/magic-string-0.25.3.tgz",
      "integrity": "sha512-6QK0OpF/phMz0Q2AxILkX2mFhi7m+WMwTRg0LQKq/WBB0cDP4rYH3Wp4/d3OTXlrPLVJT/RFqj8tFeAR4nk8AA==",
      "dev": true,
      "requires": {
        "sourcemap-codec": "^1.4.4"
      }
    },
    "path-parse": {
      "version": "1.0.6",
      "resolved": "https://registry.npmjs.org/path-parse/-/path-parse-1.0.6.tgz",
      "integrity": "sha512-GSmOT2EbHrINBf9SR7CDELwlJ8AENk3Qn7OikK4nFYAu3Ote2+JYNVvkpAEQm3/TLNEJFD/xZJjzyxg3KBWOzw==",
      "dev": true
    },
    "raster-blaster": {
      "version": "2.0.0",
      "resolved": "https://registry.npmjs.org/raster-blaster/-/raster-blaster-2.0.0.tgz",
      "integrity": "sha512-LPWodjXUDkq5MgbzDjcGhHYUinJqnJLS1OyebNxixAR4zQ8l2ic/YYEwN/ml8jKk9cB6bsd6PXrNXiw4tDkOBg=="
    },
    "resolve": {
      "version": "1.12.0",
      "resolved": "https://registry.npmjs.org/resolve/-/resolve-1.12.0.tgz",
      "integrity": "sha512-B/dOmuoAik5bKcD6s6nXDCjzUKnaDvdkRyAk6rsmsKLipWj4797iothd7jmmUhWTfinVMU+wc56rYKsit2Qy4w==",
      "dev": true,
      "requires": {
        "path-parse": "^1.0.6"
      }
    },
    "rollup": {
      "version": "1.21.0",
      "resolved": "https://registry.npmjs.org/rollup/-/rollup-1.21.0.tgz",
      "integrity": "sha512-FDIPkcIdLg7262zzqteTWNr7GxU7hw3nJiiKY9P38LE3BAZ7tFC0Di/AzISIxHEQBvneu5bW51a7o50P1NgDCg==",
      "dev": true,
      "requires": {
        "@types/estree": "0.0.39",
        "@types/node": "^12.7.4",
        "acorn": "^7.0.0"
      }
    },
    "rollup-plugin-commonjs": {
      "version": "10.1.0",
      "resolved": "https://registry.npmjs.org/rollup-plugin-commonjs/-/rollup-plugin-commonjs-10.1.0.tgz",
      "integrity": "sha512-jlXbjZSQg8EIeAAvepNwhJj++qJWNJw1Cl0YnOqKtP5Djx+fFGkp3WRh+W0ASCaFG5w1jhmzDxgu3SJuVxPF4Q==",
      "dev": true,
      "requires": {
        "estree-walker": "^0.6.1",
        "is-reference": "^1.1.2",
        "magic-string": "^0.25.2",
        "resolve": "^1.11.0",
        "rollup-pluginutils": "^2.8.1"
      }
    },
    "rollup-plugin-resolve": {
      "version": "0.0.1-predev.1",
      "resolved": "https://registry.npmjs.org/rollup-plugin-resolve/-/rollup-plugin-resolve-0.0.1-predev.1.tgz",
      "integrity": "sha1-y38ZZCoXQZEBxnHhqMLNp696xB0=",
      "dev": true
    },
    "rollup-pluginutils": {
      "version": "2.8.1",
      "resolved": "https://registry.npmjs.org/rollup-pluginutils/-/rollup-pluginutils-2.8.1.tgz",
      "integrity": "sha512-J5oAoysWar6GuZo0s+3bZ6sVZAC0pfqKz68De7ZgDi5z63jOVZn1uJL/+z1jeKHNbGII8kAyHF5q8LnxSX5lQg==",
      "dev": true,
      "requires": {
        "estree-walker": "^0.6.1"
      }
    },
    "sourcemap-codec": {
      "version": "1.4.6",
      "resolved": "https://registry.npmjs.org/sourcemap-codec/-/sourcemap-codec-1.4.6.tgz",
      "integrity": "sha512-1ZooVLYFxC448piVLBbtOxFcXwnymH9oUF8nRd3CuYDVvkRBxRl6pB4Mtas5a4drtL+E8LDgFkQNcgIw6tc8Hg==",
      "dev": true
    }
  }
}
